<?xml version="1.0" encoding="utf-8"?>
<Project DefaultTargets="Build" ToolsVersion="4.0" xmlns="http://schemas.microsoft.com/developer/msbuild/2003">
  <PropertyGroup>
    <Configuration Condition=" '$(Configuration)' == '' ">Debug</Configuration>
    <Platform Condition=" '$(Platform)' == '' ">AnyCPU</Platform>
    <ProductVersion>8.0.30703</ProductVersion>
    <SchemaVersion>2.0</SchemaVersion>
    <ProjectGuid>{1368E426-4642-4E91-8648-5CAB8BE3C1A5}</ProjectGuid>
    <UseDefaultCompiler>true</UseDefaultCompiler>
    <IncrementalLinking>true</IncrementalLinking>
    <PreferOneStepBuild>true</PreferOneStepBuild>
    <Compiler>DMD2</Compiler>
  </PropertyGroup>
  <PropertyGroup Condition=" '$(Configuration)|$(Platform)' == 'Debug|AnyCPU' ">
    <DebugSymbols>true</DebugSymbols>
    <OutputPath>bin\Debug</OutputPath>
    <UnittestMode>false</UnittestMode>
    <ObjectsDirectory>obj\Debug</ObjectsDirectory>
    <DebugLevel>0</DebugLevel>
    <Externalconsole>true</Externalconsole>
    <Target>Executable</Target>
    <OutputName>defrag</OutputName>
    <LinkinThirdPartyLibraries>false</LinkinThirdPartyLibraries>
  </PropertyGroup>
  <PropertyGroup Condition=" '$(Configuration)|$(Platform)' == 'Release|AnyCPU' ">
    <OutputPath>bin\Release</OutputPath>
    <UnittestMode>false</UnittestMode>
    <ObjectsDirectory>obj\Release</ObjectsDirectory>
    <DebugLevel>0</DebugLevel>
    <Externalconsole>true</Externalconsole>
    <Target>Executable</Target>
    <OutputName>defrag</OutputName>
    <ExtraCompilerArguments> -noboundscheck</ExtraCompilerArguments>
    <LinkinThirdPartyLibraries>false</LinkinThirdPartyLibraries>
  </PropertyGroup>
  <PropertyGroup Condition=" '$(Configuration)|$(Platform)' == 'Unittest|AnyCPU' ">
    <DebugSymbols>true</DebugSymbols>
    <OutputPath>bin\Unittest</OutputPath>
    <UnittestMode>true</UnittestMode>
    <ObjectsDirectory>obj\Unittest</ObjectsDirectory>
    <DebugLevel>0</DebugLevel>
    <Externalconsole>true</Externalconsole>
    <Target>Executable</Target>
    <OutputName>defrag</OutputName>
    <LinkinThirdPartyLibraries>false</LinkinThirdPartyLibraries>
  </PropertyGroup>
  <ItemGroup>
    <Compile Include="main.d" />
    <Compile Include="avl.d" />
    <Compile Include="skipLists.d" />
    <Compile Include="Btree.d" />
    <Compile Include="orderedSet.d" />
    <Compile Include="skipListsWithArrays.d" />
    <Compile Include="coalescedSkipLists.d" />
  </ItemGroup>
</Project>